// !$*UTF8*$!
{
	archiveVersion = 1;
	classes = {
	};
	objectVersion = 46;
	objects = {

/* Begin PBXBuildFile section */
		1D927C901B273B49004390F4 /* main.m in Sources */ = {isa = PBXBuildFile; fileRef = 1D927C8F1B273B49004390F4 /* main.m */; };
		1D927C931B273B49004390F4 /* AppDelegate.m in Sources */ = {isa = PBXBuildFile; fileRef = 1D927C921B273B49004390F4 /* AppDelegate.m */; };
		1D927C961B273B49004390F4 /* ViewController.m in Sources */ = {isa = PBXBuildFile; fileRef = 1D927C951B273B49004390F4 /* ViewController.m */; };
		1D927C991B273B49004390F4 /* Main.storyboard in Resources */ = {isa = PBXBuildFile; fileRef = 1D927C971B273B49004390F4 /* Main.storyboard */; };
		1D927C9B1B273B49004390F4 /* Images.xcassets in Resources */ = {isa = PBXBuildFile; fileRef = 1D927C9A1B273B49004390F4 /* Images.xcassets */; };
		1D927C9E1B273B49004390F4 /* LaunchScreen.xib in Resources */ = {isa = PBXBuildFile; fileRef = 1D927C9C1B273B49004390F4 /* LaunchScreen.xib */; };
		1D927CAA1B273B49004390F4 /* RouletabilleTests.m in Sources */ = {isa = PBXBuildFile; fileRef = 1D927CA91B273B49004390F4 /* RouletabilleTests.m */; };
		1D927CD81B276C45004390F4 /* bille.png in Resources */ = {isa = PBXBuildFile; fileRef = 1D927CB41B276C45004390F4 /* bille.png */; };
		1D927CD91B276C45004390F4 /* bille@2x.png in Resources */ = {isa = PBXBuildFile; fileRef = 1D927CB51B276C45004390F4 /* bille@2x.png */; };
		1D927CDA1B276C45004390F4 /* bille@3x.png in Resources */ = {isa = PBXBuildFile; fileRef = 1D927CB61B276C45004390F4 /* bille@3x.png */; };
		1D927CDC1B276C45004390F4 /* etoile-96.png in Resources */ = {isa = PBXBuildFile; fileRef = 1D927CB81B276C45004390F4 /* etoile-96.png */; };
		1D927CDD1B276C45004390F4 /* etoile-96@2x.png in Resources */ = {isa = PBXBuildFile; fileRef = 1D927CB91B276C45004390F4 /* etoile-96@2x.png */; };
		1D927CDE1B276C45004390F4 /* etoile-96@3x.png in Resources */ = {isa = PBXBuildFile; fileRef = 1D927CBA1B276C45004390F4 /* etoile-96@3x.png */; };
		1D927CDF1B276C45004390F4 /* Icon-60@2x.png in Resources */ = {isa = PBXBuildFile; fileRef = 1D927CBB1B276C45004390F4 /* Icon-60@2x.png */; };
		1D927CE01B276C45004390F4 /* Icon-60@3x.png in Resources */ = {isa = PBXBuildFile; fileRef = 1D927CBC1B276C45004390F4 /* Icon-60@3x.png */; };
		1D927CE11B276C45004390F4 /* Icon-76.png in Resources */ = {isa = PBXBuildFile; fileRef = 1D927CBD1B276C45004390F4 /* Icon-76.png */; };
		1D927CE21B276C45004390F4 /* Icon-76@2x.png in Resources */ = {isa = PBXBuildFile; fileRef = 1D927CBE1B276C45004390F4 /* Icon-76@2x.png */; };
		1D927CE31B276C45004390F4 /* Icon-Small.png in Resources */ = {isa = PBXBuildFile; fileRef = 1D927CBF1B276C45004390F4 /* Icon-Small.png */; };
		1D927CE41B276C45004390F4 /* Icon-Small@2x.png in Resources */ = {isa = PBXBuildFile; fileRef = 1D927CC01B276C45004390F4 /* Icon-Small@2x.png */; };
		1D927CE51B276C45004390F4 /* Icon-Small@3x.png in Resources */ = {isa = PBXBuildFile; fileRef = 1D927CC11B276C45004390F4 /* Icon-Small@3x.png */; };
		1D927CE61B276C45004390F4 /* Icon-Spotlight-40.png in Resources */ = {isa = PBXBuildFile; fileRef = 1D927CC21B276C45004390F4 /* Icon-Spotlight-40.png */; };
		1D927CE71B276C45004390F4 /* Icon-Spotlight-40@2x.png in Resources */ = {isa = PBXBuildFile; fileRef = 1D927CC31B276C45004390F4 /* Icon-Spotlight-40@2x.png */; };
		1D927CE81B276C45004390F4 /* Icon-Spotlight-40@3x.png in Resources */ = {isa = PBXBuildFile; fileRef = 1D927CC41B276C45004390F4 /* Icon-Spotlight-40@3x.png */; };
		1D927CE91B276C45004390F4 /* midnight-ride-01a.mp3 in Resources */ = {isa = PBXBuildFile; fileRef = 1D927CC51B276C45004390F4 /* midnight-ride-01a.mp3 */; };
		1D927CEA1B276C45004390F4 /* refresh.png in Resources */ = {isa = PBXBuildFile; fileRef = 1D927CC61B276C45004390F4 /* refresh.png */; };
		1D927CEB1B276C45004390F4 /* refresh@2x.png in Resources */ = {isa = PBXBuildFile; fileRef = 1D927CC71B276C45004390F4 /* refresh@2x.png */; };
		1D927CEC1B276C45004390F4 /* refresh@3x.png in Resources */ = {isa = PBXBuildFile; fileRef = 1D927CC81B276C45004390F4 /* refresh@3x.png */; };
		1D927CED1B276C45004390F4 /* rouletabille-fond-eau.jpg in Resources */ = {isa = PBXBuildFile; fileRef = 1D927CC91B276C45004390F4 /* rouletabille-fond-eau.jpg */; };
		1D927CEE1B276C45004390F4 /* rouletabille-fond-eau@2x.jpg in Resources */ = {isa = PBXBuildFile; fileRef = 1D927CCA1B276C45004390F4 /* rouletabille-fond-eau@2x.jpg */; };
		1D927CEF1B276C45004390F4 /* rouletabille-fond-eau@3x.jpg in Resources */ = {isa = PBXBuildFile; fileRef = 1D927CCB1B276C45004390F4 /* rouletabille-fond-eau@3x.jpg */; };
		1D927CF01B276C45004390F4 /* rouletabille-fond-mosaique.jpg in Resources */ = {isa = PBXBuildFile; fileRef = 1D927CCC1B276C45004390F4 /* rouletabille-fond-mosaique.jpg */; };
		1D927CF11B276C45004390F4 /* rouletabille-fond-mosaique@2x.jpg in Resources */ = {isa = PBXBuildFile; fileRef = 1D927CCD1B276C45004390F4 /* rouletabille-fond-mosaique@2x.jpg */; };
		1D927CF21B276C45004390F4 /* rouletabille-fond-mosaique@3x.jpg in Resources */ = {isa = PBXBuildFile; fileRef = 1D927CCE1B276C45004390F4 /* rouletabille-fond-mosaique@3x.jpg */; };
		1D927CF31B276C45004390F4 /* rouletabille-fond-phobos.jpg in Resources */ = {isa = PBXBuildFile; fileRef = 1D927CCF1B276C45004390F4 /* rouletabille-fond-phobos.jpg */; };
		1D927CF41B276C45004390F4 /* rouletabille-fond-phobos@2x.jpg in Resources */ = {isa = PBXBuildFile; fileRef = 1D927CD01B276C45004390F4 /* rouletabille-fond-phobos@2x.jpg */; };
		1D927CF51B276C45004390F4 /* rouletabille-fond-phobos@3x.jpg in Resources */ = {isa = PBXBuildFile; fileRef = 1D927CD11B276C45004390F4 /* rouletabille-fond-phobos@3x.jpg */; };
		1D927CF61B276C45004390F4 /* rouletabille-fond-voutes.jpg in Resources */ = {isa = PBXBuildFile; fileRef = 1D927CD21B276C45004390F4 /* rouletabille-fond-voutes.jpg */; };
		1D927CF71B276C45004390F4 /* rouletabille-fond-voutes@2x.jpg in Resources */ = {isa = PBXBuildFile; fileRef = 1D927CD31B276C45004390F4 /* rouletabille-fond-voutes@2x.jpg */; };
		1D927CF81B276C45004390F4 /* rouletabille-fond-voutes@3x.jpg in Resources */ = {isa = PBXBuildFile; fileRef = 1D927CD41B276C45004390F4 /* rouletabille-fond-voutes@3x.jpg */; };
		1D927CF91B276C45004390F4 /* son-etoile.mp3 in Resources */ = {isa = PBXBuildFile; fileRef = 1D927CD51B276C45004390F4 /* son-etoile.mp3 */; };
		1D927CFA1B276C45004390F4 /* son.mp3 in Resources */ = {isa = PBXBuildFile; fileRef = 1D927CD61B276C45004390F4 /* son.mp3 */; };
		1D927CFB1B276C45004390F4 /* squeeze-toy-1.mp3 in Resources */ = {isa = PBXBuildFile; fileRef = 1D927CD71B276C45004390F4 /* squeeze-toy-1.mp3 */; };
/* End PBXBuildFile section */

/* Begin PBXContainerItemProxy section */
		1D927CA41B273B49004390F4 /* PBXContainerItemProxy */ = {
			isa = PBXContainerItemProxy;
			containerPortal = 1D927C821B273B49004390F4 /* Project object */;
			proxyType = 1;
			remoteGlobalIDString = 1D927C891B273B49004390F4;
			remoteInfo = Rouletabille;
		};
/* End PBXContainerItemProxy section */

/* Begin PBXFileReference section */
		1D927C8A1B273B49004390F4 /* Rouletabille.app */ = {isa = PBXFileReference; explicitFileType = wrapper.application; includeInIndex = 0; path = Rouletabille.app; sourceTree = BUILT_PRODUCTS_DIR; };
		1D927C8E1B273B49004390F4 /* Info.plist */ = {isa = PBXFileReference; lastKnownFileType = text.plist.xml; path = Info.plist; sourceTree = "<group>"; };
		1D927C8F1B273B49004390F4 /* main.m */ = {isa = PBXFileReference; lastKnownFileType = sourcecode.c.objc; path = main.m; sourceTree = "<group>"; };
		1D927C911B273B49004390F4 /* AppDelegate.h */ = {isa = PBXFileReference; lastKnownFileType = sourcecode.c.h; path = AppDelegate.h; sourceTree = "<group>"; };
		1D927C921B273B49004390F4 /* AppDelegate.m */ = {isa = PBXFileReference; lastKnownFileType = sourcecode.c.objc; path = AppDelegate.m; sourceTree = "<group>"; };
		1D927C941B273B49004390F4 /* ViewController.h */ = {isa = PBXFileReference; lastKnownFileType = sourcecode.c.h; path = ViewController.h; sourceTree = "<group>"; };
		1D927C951B273B49004390F4 /* ViewController.m */ = {isa = PBXFileReference; lastKnownFileType = sourcecode.c.objc; path = ViewController.m; sourceTree = "<group>"; };
		1D927C981B273B49004390F4 /* Base */ = {isa = PBXFileReference; lastKnownFileType = file.storyboard; name = Base; path = Base.lproj/Main.storyboard; sourceTree = "<group>"; };
		1D927C9A1B273B49004390F4 /* Images.xcassets */ = {isa = PBXFileReference; lastKnownFileType = folder.assetcatalog; path = Images.xcassets; sourceTree = "<group>"; };
		1D927C9D1B273B49004390F4 /* Base */ = {isa = PBXFileReference; lastKnownFileType = file.xib; name = Base; path = Base.lproj/LaunchScreen.xib; sourceTree = "<group>"; };
		1D927CA31B273B49004390F4 /* RouletabilleTests.xctest */ = {isa = PBXFileReference; explicitFileType = wrapper.cfbundle; includeInIndex = 0; path = RouletabilleTests.xctest; sourceTree = BUILT_PRODUCTS_DIR; };
		1D927CA81B273B49004390F4 /* Info.plist */ = {isa = PBXFileReference; lastKnownFileType = text.plist.xml; path = Info.plist; sourceTree = "<group>"; };
		1D927CA91B273B49004390F4 /* RouletabilleTests.m */ = {isa = PBXFileReference; lastKnownFileType = sourcecode.c.objc; path = RouletabilleTests.m; sourceTree = "<group>"; };
		1D927CB41B276C45004390F4 /* bille.png */ = {isa = PBXFileReference; lastKnownFileType = image.png; path = bille.png; sourceTree = "<group>"; };
		1D927CB51B276C45004390F4 /* bille@2x.png */ = {isa = PBXFileReference; lastKnownFileType = image.png; path = "bille@2x.png"; sourceTree = "<group>"; };
		1D927CB61B276C45004390F4 /* bille@3x.png */ = {isa = PBXFileReference; lastKnownFileType = image.png; path = "bille@3x.png"; sourceTree = "<group>"; };
		1D927CB81B276C45004390F4 /* etoile-96.png */ = {isa = PBXFileReference; lastKnownFileType = image.png; path = "etoile-96.png"; sourceTree = "<group>"; };
		1D927CB91B276C45004390F4 /* etoile-96@2x.png */ = {isa = PBXFileReference; lastKnownFileType = image.png; path = "etoile-96@2x.png"; sourceTree = "<group>"; };
		1D927CBA1B276C45004390F4 /* etoile-96@3x.png */ = {isa = PBXFileReference; lastKnownFileType = image.png; path = "etoile-96@3x.png"; sourceTree = "<group>"; };
		1D927CBB1B276C45004390F4 /* Icon-60@2x.png */ = {isa = PBXFileReference; lastKnownFileType = image.png; path = "Icon-60@2x.png"; sourceTree = "<group>"; };
		1D927CBC1B276C45004390F4 /* Icon-60@3x.png */ = {isa = PBXFileReference; lastKnownFileType = image.png; path = "Icon-60@3x.png"; sourceTree = "<group>"; };
		1D927CBD1B276C45004390F4 /* Icon-76.png */ = {isa = PBXFileReference; lastKnownFileType = image.png; path = "Icon-76.png"; sourceTree = "<group>"; };
		1D927CBE1B276C45004390F4 /* Icon-76@2x.png */ = {isa = PBXFileReference; lastKnownFileType = image.png; path = "Icon-76@2x.png"; sourceTree = "<group>"; };
		1D927CBF1B276C45004390F4 /* Icon-Small.png */ = {isa = PBXFileReference; lastKnownFileType = image.png; path = "Icon-Small.png"; sourceTree = "<group>"; };
		1D927CC01B276C45004390F4 /* Icon-Small@2x.png */ = {isa = PBXFileReference; lastKnownFileType = image.png; path = "Icon-Small@2x.png"; sourceTree = "<group>"; };
		1D927CC11B276C45004390F4 /* Icon-Small@3x.png */ = {isa = PBXFileReference; lastKnownFileType = image.png; path = "Icon-Small@3x.png"; sourceTree = "<group>"; };
		1D927CC21B276C45004390F4 /* Icon-Spotlight-40.png */ = {isa = PBXFileReference; lastKnownFileType = image.png; path = "Icon-Spotlight-40.png"; sourceTree = "<group>"; };
		1D927CC31B276C45004390F4 /* Icon-Spotlight-40@2x.png */ = {isa = PBXFileReference; lastKnownFileType = image.png; path = "Icon-Spotlight-40@2x.png"; sourceTree = "<group>"; };
		1D927CC41B276C45004390F4 /* Icon-Spotlight-40@3x.png */ = {isa = PBXFileReference; lastKnownFileType = image.png; path = "Icon-Spotlight-40@3x.png"; sourceTree = "<group>"; };
		1D927CC51B276C45004390F4 /* midnight-ride-01a.mp3 */ = {isa = PBXFileReference; lastKnownFileType = audio.mp3; path = "midnight-ride-01a.mp3"; sourceTree = "<group>"; };
		1D927CC61B276C45004390F4 /* refresh.png */ = {isa = PBXFileReference; lastKnownFileType = image.png; path = refresh.png; sourceTree = "<group>"; };
		1D927CC71B276C45004390F4 /* refresh@2x.png */ = {isa = PBXFileReference; lastKnownFileType = image.png; path = "refresh@2x.png"; sourceTree = "<group>"; };
		1D927CC81B276C45004390F4 /* refresh@3x.png */ = {isa = PBXFileReference; lastKnownFileType = image.png; path = "refresh@3x.png"; sourceTree = "<group>"; };
		1D927CC91B276C45004390F4 /* rouletabille-fond-eau.jpg */ = {isa = PBXFileReference; lastKnownFileType = image.jpeg; path = "rouletabille-fond-eau.jpg"; sourceTree = "<group>"; };
		1D927CCA1B276C45004390F4 /* rouletabille-fond-eau@2x.jpg */ = {isa = PBXFileReference; lastKnownFileType = image.jpeg; path = "rouletabille-fond-eau@2x.jpg"; sourceTree = "<group>"; };
		1D927CCB1B276C45004390F4 /* rouletabille-fond-eau@3x.jpg */ = {isa = PBXFileReference; lastKnownFileType = image.jpeg; path = "rouletabille-fond-eau@3x.jpg"; sourceTree = "<group>"; };
		1D927CCC1B276C45004390F4 /* rouletabille-fond-mosaique.jpg */ = {isa = PBXFileReference; lastKnownFileType = image.jpeg; path = "rouletabille-fond-mosaique.jpg"; sourceTree = "<group>"; };
		1D927CCD1B276C45004390F4 /* rouletabille-fond-mosaique@2x.jpg */ = {isa = PBXFileReference; lastKnownFileType = image.jpeg; path = "rouletabille-fond-mosaique@2x.jpg"; sourceTree = "<group>"; };
		1D927CCE1B276C45004390F4 /* rouletabille-fond-mosaique@3x.jpg */ = {isa = PBXFileReference; lastKnownFileType = image.jpeg; path = "rouletabille-fond-mosaique@3x.jpg"; sourceTree = "<group>"; };
		1D927CCF1B276C45004390F4 /* rouletabille-fond-phobos.jpg */ = {isa = PBXFileReference; lastKnownFileType = image.jpeg; path = "rouletabille-fond-phobos.jpg"; sourceTree = "<group>"; };
		1D927CD01B276C45004390F4 /* rouletabille-fond-phobos@2x.jpg */ = {isa = PBXFileReference; lastKnownFileType = image.jpeg; path = "rouletabille-fond-phobos@2x.jpg"; sourceTree = "<group>"; };
		1D927CD11B276C45004390F4 /* rouletabille-fond-phobos@3x.jpg */ = {isa = PBXFileReference; lastKnownFileType = image.jpeg; path = "rouletabille-fond-phobos@3x.jpg"; sourceTree = "<group>"; };
		1D927CD21B276C45004390F4 /* rouletabille-fond-voutes.jpg */ = {isa = PBXFileReference; lastKnownFileType = image.jpeg; path = "rouletabille-fond-voutes.jpg"; sourceTree = "<group>"; };
		1D927CD31B276C45004390F4 /* rouletabille-fond-voutes@2x.jpg */ = {isa = PBXFileReference; lastKnownFileType = image.jpeg; path = "rouletabille-fond-voutes@2x.jpg"; sourceTree = "<group>"; };
		1D927CD41B276C45004390F4 /* rouletabille-fond-voutes@3x.jpg */ = {isa = PBXFileReference; lastKnownFileType = image.jpeg; path = "rouletabille-fond-voutes@3x.jpg"; sourceTree = "<group>"; };
		1D927CD51B276C45004390F4 /* son-etoile.mp3 */ = {isa = PBXFileReference; lastKnownFileType = audio.mp3; path = "son-etoile.mp3"; sourceTree = "<group>"; };
		1D927CD61B276C45004390F4 /* son.mp3 */ = {isa = PBXFileReference; lastKnownFileType = audio.mp3; path = son.mp3; sourceTree = "<group>"; };
		1D927CD71B276C45004390F4 /* squeeze-toy-1.mp3 */ = {isa = PBXFileReference; lastKnownFileType = audio.mp3; path = "squeeze-toy-1.mp3"; sourceTree = "<group>"; };
		1DAC0BEC1B2B4F6A009BD9E6 /* fr */ = {isa = PBXFileReference; lastKnownFileType = text.plist.strings; name = fr; path = fr.lproj/Main.strings; sourceTree = "<group>"; };
		1DAC0BED1B2B4F6A009BD9E6 /* fr */ = {isa = PBXFileReference; lastKnownFileType = text.plist.strings; name = fr; path = fr.lproj/LaunchScreen.strings; sourceTree = "<group>"; };
/* End PBXFileReference section */

/* Begin PBXFrameworksBuildPhase section */
		1D927C871B273B49004390F4 /* Frameworks */ = {
			isa = PBXFrameworksBuildPhase;
			buildActionMask = 2147483647;
			files = (
			);
			runOnlyForDeploymentPostprocessing = 0;
		};
		1D927CA01B273B49004390F4 /* Frameworks */ = {
			isa = PBXFrameworksBuildPhase;
			buildActionMask = 2147483647;
			files = (
			);
			runOnlyForDeploymentPostprocessing = 0;
		};
/* End PBXFrameworksBuildPhase section */

/* Begin PBXGroup section */
		1D927C811B273B49004390F4 = {
			isa = PBXGroup;
			children = (
				1D927C8C1B273B49004390F4 /* Rouletabille */,
				1D927CA61B273B49004390F4 /* RouletabilleTests */,
				1D927C8B1B273B49004390F4 /* Products */,
			);
			sourceTree = "<group>";
		};
		1D927C8B1B273B49004390F4 /* Products */ = {
			isa = PBXGroup;
			children = (
				1D927C8A1B273B49004390F4 /* Rouletabille.app */,
				1D927CA31B273B49004390F4 /* RouletabilleTests.xctest */,
			);
			name = Products;
			sourceTree = "<group>";
		};
		1D927C8C1B273B49004390F4 /* Rouletabille */ = {
			isa = PBXGroup;
			children = (
				1D927CB31B276C45004390F4 /* Rouletabille_AVResources */,
				1D927C911B273B49004390F4 /* AppDelegate.h */,
				1D927C921B273B49004390F4 /* AppDelegate.m */,
				1D927C941B273B49004390F4 /* ViewController.h */,
				1D927C951B273B49004390F4 /* ViewController.m */,
				1D927C971B273B49004390F4 /* Main.storyboard */,
				1D927C9A1B273B49004390F4 /* Images.xcassets */,
				1D927C9C1B273B49004390F4 /* LaunchScreen.xib */,
				1D927C8D1B273B49004390F4 /* Supporting Files */,
			);
			path = Rouletabille;
			sourceTree = "<group>";
		};
		1D927C8D1B273B49004390F4 /* Supporting Files */ = {
			isa = PBXGroup;
			children = (
				1D927C8E1B273B49004390F4 /* Info.plist */,
				1D927C8F1B273B49004390F4 /* main.m */,
			);
			name = "Supporting Files";
			sourceTree = "<group>";
		};
		1D927CA61B273B49004390F4 /* RouletabilleTests */ = {
			isa = PBXGroup;
			children = (
				1D927CA91B273B49004390F4 /* RouletabilleTests.m */,
				1D927CA71B273B49004390F4 /* Supporting Files */,
			);
			path = RouletabilleTests;
			sourceTree = "<group>";
		};
		1D927CA71B273B49004390F4 /* Supporting Files */ = {
			isa = PBXGroup;
			children = (
				1D927CA81B273B49004390F4 /* Info.plist */,
			);
			name = "Supporting Files";
			sourceTree = "<group>";
		};
		1D927CB31B276C45004390F4 /* Rouletabille_AVResources */ = {
			isa = PBXGroup;
			children = (
				1D927CB41B276C45004390F4 /* bille.png */,
				1D927CB51B276C45004390F4 /* bille@2x.png */,
				1D927CB61B276C45004390F4 /* bille@3x.png */,
				1D927CB81B276C45004390F4 /* etoile-96.png */,
				1D927CB91B276C45004390F4 /* etoile-96@2x.png */,
				1D927CBA1B276C45004390F4 /* etoile-96@3x.png */,
				1D927CBB1B276C45004390F4 /* Icon-60@2x.png */,
				1D927CBC1B276C45004390F4 /* Icon-60@3x.png */,
				1D927CBD1B276C45004390F4 /* Icon-76.png */,
				1D927CBE1B276C45004390F4 /* Icon-76@2x.png */,
				1D927CBF1B276C45004390F4 /* Icon-Small.png */,
				1D927CC01B276C45004390F4 /* Icon-Small@2x.png */,
				1D927CC11B276C45004390F4 /* Icon-Small@3x.png */,
				1D927CC21B276C45004390F4 /* Icon-Spotlight-40.png */,
				1D927CC31B276C45004390F4 /* Icon-Spotlight-40@2x.png */,
				1D927CC41B276C45004390F4 /* Icon-Spotlight-40@3x.png */,
				1D927CC51B276C45004390F4 /* midnight-ride-01a.mp3 */,
				1D927CC61B276C45004390F4 /* refresh.png */,
				1D927CC71B276C45004390F4 /* refresh@2x.png */,
				1D927CC81B276C45004390F4 /* refresh@3x.png */,
				1D927CC91B276C45004390F4 /* rouletabille-fond-eau.jpg */,
				1D927CCA1B276C45004390F4 /* rouletabille-fond-eau@2x.jpg */,
				1D927CCB1B276C45004390F4 /* rouletabille-fond-eau@3x.jpg */,
				1D927CCC1B276C45004390F4 /* rouletabille-fond-mosaique.jpg */,
				1D927CCD1B276C45004390F4 /* rouletabille-fond-mosaique@2x.jpg */,
				1D927CCE1B276C45004390F4 /* rouletabille-fond-mosaique@3x.jpg */,
				1D927CCF1B276C45004390F4 /* rouletabille-fond-phobos.jpg */,
				1D927CD01B276C45004390F4 /* rouletabille-fond-phobos@2x.jpg */,
				1D927CD11B276C45004390F4 /* rouletabille-fond-phobos@3x.jpg */,
				1D927CD21B276C45004390F4 /* rouletabille-fond-voutes.jpg */,
				1D927CD31B276C45004390F4 /* rouletabille-fond-voutes@2x.jpg */,
				1D927CD41B276C45004390F4 /* rouletabille-fond-voutes@3x.jpg */,
				1D927CD51B276C45004390F4 /* son-etoile.mp3 */,
				1D927CD61B276C45004390F4 /* son.mp3 */,
				1D927CD71B276C45004390F4 /* squeeze-toy-1.mp3 */,
			);
			path = Rouletabille_AVResources;
			sourceTree = "<group>";
		};
/* End PBXGroup section */

/* Begin PBXNativeTarget section */
		1D927C891B273B49004390F4 /* Rouletabille */ = {
			isa = PBXNativeTarget;
			buildConfigurationList = 1D927CAD1B273B49004390F4 /* Build configuration list for PBXNativeTarget "Rouletabille" */;
			buildPhases = (
				1D927C861B273B49004390F4 /* Sources */,
				1D927C871B273B49004390F4 /* Frameworks */,
				1D927C881B273B49004390F4 /* Resources */,
			);
			buildRules = (
			);
			dependencies = (
			);
			name = Rouletabille;
			productName = Rouletabille;
			productReference = 1D927C8A1B273B49004390F4 /* Rouletabille.app */;
			productType = "com.apple.product-type.application";
		};
		1D927CA21B273B49004390F4 /* RouletabilleTests */ = {
			isa = PBXNativeTarget;
			buildConfigurationList = 1D927CB01B273B49004390F4 /* Build configuration list for PBXNativeTarget "RouletabilleTests" */;
			buildPhases = (
				1D927C9F1B273B49004390F4 /* Sources */,
				1D927CA01B273B49004390F4 /* Frameworks */,
				1D927CA11B273B49004390F4 /* Resources */,
			);
			buildRules = (
			);
			dependencies = (
				1D927CA51B273B49004390F4 /* PBXTargetDependency */,
			);
			name = RouletabilleTests;
			productName = RouletabilleTests;
			productReference = 1D927CA31B273B49004390F4 /* RouletabilleTests.xctest */;
			productType = "com.apple.product-type.bundle.unit-test";
		};
/* End PBXNativeTarget section */

/* Begin PBXProject section */
		1D927C821B273B49004390F4 /* Project object */ = {
			isa = PBXProject;
			attributes = {
				LastUpgradeCheck = 0630;
				ORGANIZATIONNAME = "Ancil Marshall";
				TargetAttributes = {
					1D927C891B273B49004390F4 = {
						CreatedOnToolsVersion = 6.3;
					};
					1D927CA21B273B49004390F4 = {
						CreatedOnToolsVersion = 6.3;
						TestTargetID = 1D927C891B273B49004390F4;
					};
				};
			};
			buildConfigurationList = 1D927C851B273B49004390F4 /* Build configuration list for PBXProject "Rouletabille" */;
			compatibilityVersion = "Xcode 3.2";
			developmentRegion = English;
			hasScannedForEncodings = 0;
			knownRegions = (
				en,
				Base,
			);
			mainGroup = 1D927C811B273B49004390F4;
			productRefGroup = 1D927C8B1B273B49004390F4 /* Products */;
			projectDirPath = "";
			projectRoot = "";
			targets = (
				1D927C891B273B49004390F4 /* Rouletabille */,
				1D927CA21B273B49004390F4 /* RouletabilleTests */,
			);
		};
/* End PBXProject section */

/* Begin PBXResourcesBuildPhase section */
		1D927C881B273B49004390F4 /* Resources */ = {
			isa = PBXResourcesBuildPhase;
			buildActionMask = 2147483647;
			files = (
				1D927CF21B276C45004390F4 /* rouletabille-fond-mosaique@3x.jpg in Resources */,
				1D927CE01B276C45004390F4 /* Icon-60@3x.png in Resources */,
				1D927CE11B276C45004390F4 /* Icon-76.png in Resources */,
				1D927CFA1B276C45004390F4 /* son.mp3 in Resources */,
				1D927CE71B276C45004390F4 /* Icon-Spotlight-40@2x.png in Resources */,
				1D927CF81B276C45004390F4 /* rouletabille-fond-voutes@3x.jpg in Resources */,
				1D927CD91B276C45004390F4 /* bille@2x.png in Resources */,
				1D927CF11B276C45004390F4 /* rouletabille-fond-mosaique@2x.jpg in Resources */,
				1D927CE91B276C45004390F4 /* midnight-ride-01a.mp3 in Resources */,
				1D927CD81B276C45004390F4 /* bille.png in Resources */,
				1D927CF91B276C45004390F4 /* son-etoile.mp3 in Resources */,
				1D927CF41B276C45004390F4 /* rouletabille-fond-phobos@2x.jpg in Resources */,
				1D927CF31B276C45004390F4 /* rouletabille-fond-phobos.jpg in Resources */,
				1D927CEB1B276C45004390F4 /* refresh@2x.png in Resources */,
				1D927CED1B276C45004390F4 /* rouletabille-fond-eau.jpg in Resources */,
				1D927CE21B276C45004390F4 /* Icon-76@2x.png in Resources */,
				1D927CDA1B276C45004390F4 /* bille@3x.png in Resources */,
				1D927C991B273B49004390F4 /* Main.storyboard in Resources */,
				1D927CF71B276C45004390F4 /* rouletabille-fond-voutes@2x.jpg in Resources */,
				1D927CDF1B276C45004390F4 /* Icon-60@2x.png in Resources */,
				1D927CEF1B276C45004390F4 /* rouletabille-fond-eau@3x.jpg in Resources */,
				1D927CEC1B276C45004390F4 /* refresh@3x.png in Resources */,
				1D927CF61B276C45004390F4 /* rouletabille-fond-voutes.jpg in Resources */,
				1D927CF01B276C45004390F4 /* rouletabille-fond-mosaique.jpg in Resources */,
				1D927CE31B276C45004390F4 /* Icon-Small.png in Resources */,
				1D927CEA1B276C45004390F4 /* refresh.png in Resources */,
				1D927CE61B276C45004390F4 /* Icon-Spotlight-40.png in Resources */,
				1D927CE81B276C45004390F4 /* Icon-Spotlight-40@3x.png in Resources */,
				1D927CE51B276C45004390F4 /* Icon-Small@3x.png in Resources */,
				1D927C9E1B273B49004390F4 /* LaunchScreen.xib in Resources */,
				1D927CDD1B276C45004390F4 /* etoile-96@2x.png in Resources */,
				1D927CDE1B276C45004390F4 /* etoile-96@3x.png in Resources */,
				1D927C9B1B273B49004390F4 /* Images.xcassets in Resources */,
				1D927CE41B276C45004390F4 /* Icon-Small@2x.png in Resources */,
				1D927CF51B276C45004390F4 /* rouletabille-fond-phobos@3x.jpg in Resources */,
				1D927CDC1B276C45004390F4 /* etoile-96.png in Resources */,
				1D927CFB1B276C45004390F4 /* squeeze-toy-1.mp3 in Resources */,
				1D927CEE1B276C45004390F4 /* rouletabille-fond-eau@2x.jpg in Resources */,
			);
			runOnlyForDeploymentPostprocessing = 0;
		};
		1D927CA11B273B49004390F4 /* Resources */ = {
			isa = PBXResourcesBuildPhase;
			buildActionMask = 2147483647;
			files = (
			);
			runOnlyForDeploymentPostprocessing = 0;
		};
/* End PBXResourcesBuildPhase section */

/* Begin PBXSourcesBuildPhase section */
		1D927C861B273B49004390F4 /* Sources */ = {
			isa = PBXSourcesBuildPhase;
			buildActionMask = 2147483647;
			files = (
				1D927C961B273B49004390F4 /* ViewController.m in Sources */,
				1D927C931B273B49004390F4 /* AppDelegate.m in Sources */,
				1D927C901B273B49004390F4 /* main.m in Sources */,
			);
			runOnlyForDeploymentPostprocessing = 0;
		};
		1D927C9F1B273B49004390F4 /* Sources */ = {
			isa = PBXSourcesBuildPhase;
			buildActionMask = 2147483647;
			files = (
				1D927CAA1B273B49004390F4 /* RouletabilleTests.m in Sources */,
			);
			runOnlyForDeploymentPostprocessing = 0;
		};
/* End PBXSourcesBuildPhase section */

/* Begin PBXTargetDependency section */
		1D927CA51B273B49004390F4 /* PBXTargetDependency */ = {
			isa = PBXTargetDependency;
			target = 1D927C891B273B49004390F4 /* Rouletabille */;
			targetProxy = 1D927CA41B273B49004390F4 /* PBXContainerItemProxy */;
		};
/* End PBXTargetDependency section */

/* Begin PBXVariantGroup section */
		1D927C971B273B49004390F4 /* Main.storyboard */ = {
			isa = PBXVariantGroup;
			children = (
				1D927C981B273B49004390F4 /* Base */,
				1DAC0BEC1B2B4F6A009BD9E6 /* fr */,
			);
			name = Main.storyboard;
			sourceTree = "<group>";
		};
		1D927C9C1B273B49004390F4 /* LaunchScreen.xib */ = {
			isa = PBXVariantGroup;
			children = (
				1D927C9D1B273B49004390F4 /* Base */,
				1DAC0BED1B2B4F6A009BD9E6 /* fr */,
			);
			name = LaunchScreen.xib;
			sourceTree = "<group>";
		};
/* End PBXVariantGroup section */

/* Begin XCBuildConfiguration section */
		1D927CAB1B273B49004390F4 /* Debug */ = {
			isa = XCBuildConfiguration;
			buildSettings = {
				ALWAYS_SEARCH_USER_PATHS = NO;
				CLANG_CXX_LANGUAGE_STANDARD = "gnu++0x";
				CLANG_CXX_LIBRARY = "libc++";
				CLANG_ENABLE_MODULES = YES;
				CLANG_ENABLE_OBJC_ARC = YES;
				CLANG_WARN_BOOL_CONVERSION = YES;
				CLANG_WARN_CONSTANT_CONVERSION = YES;
				CLANG_WARN_DIRECT_OBJC_ISA_USAGE = YES_ERROR;
				CLANG_WARN_EMPTY_BODY = YES;
				CLANG_WARN_ENUM_CONVERSION = YES;
				CLANG_WARN_INT_CONVERSION = YES;
				CLANG_WARN_OBJC_ROOT_CLASS = YES_ERROR;
				CLANG_WARN_UNREACHABLE_CODE = YES;
				CLANG_WARN__DUPLICATE_METHOD_MATCH = YES;
				"CODE_SIGN_IDENTITY[sdk=iphoneos*]" = "iPhone Developer";
				COPY_PHASE_STRIP = NO;
				DEBUG_INFORMATION_FORMAT = "dwarf-with-dsym";
				ENABLE_STRICT_OBJC_MSGSEND = YES;
				GCC_C_LANGUAGE_STANDARD = gnu99;
				GCC_DYNAMIC_NO_PIC = NO;
				GCC_NO_COMMON_BLOCKS = YES;
				GCC_OPTIMIZATION_LEVEL = 0;
				GCC_PREPROCESSOR_DEFINITIONS = (
					"DEBUG=1",
					"$(inherited)",
				);
				GCC_SYMBOLS_PRIVATE_EXTERN = NO;
				GCC_WARN_64_TO_32_BIT_CONVERSION = YES;
				GCC_WARN_ABOUT_RETURN_TYPE = YES_ERROR;
				GCC_WARN_UNDECLARED_SELECTOR = YES;
				GCC_WARN_UNINITIALIZED_AUTOS = YES_AGGRESSIVE;
				GCC_WARN_UNUSED_FUNCTION = YES;
				GCC_WARN_UNUSED_VARIABLE = YES;
				IPHONEOS_DEPLOYMENT_TARGET = 8.3;
				MTL_ENABLE_DEBUG_INFO = YES;
				ONLY_ACTIVE_ARCH = YES;
				SDKROOT = iphoneos;
				TARGETED_DEVICE_FAMILY = "1,2";
			};
			name = Debug;
		};
		1D927CAC1B273B49004390F4 /* Release */ = {
			isa = XCBuildConfiguration;
			buildSettings = {
				ALWAYS_SEARCH_USER_PATHS = NO;
				CLANG_CXX_LANGUAGE_STANDARD = "gnu++0x";
				CLANG_CXX_LIBRARY = "libc++";
				CLANG_ENABLE_MODULES = YES;
				CLANG_ENABLE_OBJC_ARC = YES;
				CLANG_WARN_BOOL_CONVERSION = YES;
				CLANG_WARN_CONSTANT_CONVERSION = YES;
				CLANG_WARN_DIRECT_OBJC_ISA_USAGE = YES_ERROR;
				CLANG_WARN_EMPTY_BODY = YES;
				CLANG_WARN_ENUM_CONVERSION = YES;
				CLANG_WARN_INT_CONVERSION = YES;
				CLANG_WARN_OBJC_ROOT_CLASS = YES_ERROR;
				CLANG_WARN_UNREACHABLE_CODE = YES;
				CLANG_WARN__DUPLICATE_METHOD_MATCH = YES;
				"CODE_SIGN_IDENTITY[sdk=iphoneos*]" = "iPhone Developer";
				COPY_PHASE_STRIP = NO;
				DEBUG_INFORMATION_FORMAT = "dwarf-with-dsym";
				ENABLE_NS_ASSERTIONS = NO;
				ENABLE_STRICT_OBJC_MSGSEND = YES;
				GCC_C_LANGUAGE_STANDARD = gnu99;
				GCC_NO_COMMON_BLOCKS = YES;
				GCC_WARN_64_TO_32_BIT_CONVERSION = YES;
				GCC_WARN_ABOUT_RETURN_TYPE = YES_ERROR;
				GCC_WARN_UNDECLARED_SELECTOR = YES;
				GCC_WARN_UNINITIALIZED_AUTOS = YES_AGGRESSIVE;
				GCC_WARN_UNUSED_FUNCTION = YES;
				GCC_WARN_UNUSED_VARIABLE = YES;
				IPHONEOS_DEPLOYMENT_TARGET = 8.3;
				MTL_ENABLE_DEBUG_INFO = NO;
				SDKROOT = iphoneos;
				TARGETED_DEVICE_FAMILY = "1,2";
				VALIDATE_PRODUCT = YES;
			};
			name = Release;
		};
		1D927CAE1B273B49004390F4 /* Debug */ = {
			isa = XCBuildConfiguration;
			buildSettings = {
				ASSETCATALOG_COMPILER_APPICON_NAME = AppIcon;
				INFOPLIST_FILE = Rouletabille/Info.plist;
				LD_RUNPATH_SEARCH_PATHS = "$(inherited) @executable_path/Frameworks";
				PRODUCT_NAME = "$(TARGET_NAME)";
			};
			name = Debug;
		};
		1D927CAF1B273B49004390F4 /* Release */ = {
			isa = XCBuildConfiguration;
			buildSettings = {
				ASSETCATALOG_COMPILER_APPICON_NAME = AppIcon;
				INFOPLIST_FILE = Rouletabille/Info.plist;
				LD_RUNPATH_SEARCH_PATHS = "$(inherited) @executable_path/Frameworks";
				PRODUCT_NAME = "$(TARGET_NAME)";
			};
			name = Release;
		};
		1D927CB11B273B49004390F4 /* Debug */ = {
			isa = XCBuildConfiguration;
			buildSettings = {
				BUNDLE_LOADER = "$(TEST_HOST)";
				FRAMEWORK_SEARCH_PATHS = (
					"$(SDKROOT)/Developer/Library/Frameworks",
					"$(inherited)",
				);
				GCC_PREPROCESSOR_DEFINITIONS = (
					"DEBUG=1",
					"$(inherited)",
				);
				INFOPLIST_FILE = RouletabilleTests/Info.plist;
				LD_RUNPATH_SEARCH_PATHS = "$(inherited) @executable_path/Frameworks @loader_path/Frameworks";
				PRODUCT_NAME = "$(TARGET_NAME)";
				TEST_HOST = "$(BUILT_PRODUCTS_DIR)/Rouletabille.app/Rouletabille";
			};
			name = Debug;
		};
		1D927CB21B273B49004390F4 /* Release */ = {
			isa = XCBuildConfiguration;
			buildSettings = {
				BUNDLE_LOADER = "$(TEST_HOST)";
				FRAMEWORK_SEARCH_PATHS = (
					"$(SDKROOT)/Developer/Library/Frameworks",
					"$(inherited)",
				);
				INFOPLIST_FILE = RouletabilleTests/Info.plist;
				LD_RUNPATH_SEARCH_PATHS = "$(inherited) @executable_path/Frameworks @loader_path/Frameworks";
				PRODUCT_NAME = "$(TARGET_NAME)";
				TEST_HOST = "$(BUILT_PRODUCTS_DIR)/Rouletabille.app/Rouletabille";
			};
			name = Release;
		};
/* End XCBuildConfiguration section */

/* Begin XCConfigurationList section */
		1D927C851B273B49004390F4 /* Build configuration list for PBXProject "Rouletabille" */ = {
			isa = XCConfigurationList;
			buildConfigurations = (
				1D927CAB1B273B49004390F4 /* Debug */,
				1D927CAC1B273B49004390F4 /* Release */,
			);
			defaultConfigurationIsVisible = 0;
			defaultConfigurationName = Release;
		};
		1D927CAD1B273B49004390F4 /* Build configuration list for PBXNativeTarget "Rouletabille" */ = {
			isa = XCConfigurationList;
			buildConfigurations = (
				1D927CAE1B273B49004390F4 /* Debug */,
				1D927CAF1B273B49004390F4 /* Release */,
			);
			defaultConfigurationIsVisible = 0;
			defaultConfigurationName = Release;
		};
		1D927CB01B273B49004390F4 /* Build configuration list for PBXNativeTarget "RouletabilleTests" */ = {
			isa = XCConfigurationList;
			buildConfigurations = (
				1D927CB11B273B49004390F4 /* Debug */,
				1D927CB21B273B49004390F4 /* Release */,
			);
			defaultConfigurationIsVisible = 0;
			defaultConfigurationName = Release;
		};
/* End XCConfigurationList section */
	};
	rootObject = 1D927C821B273B49004390F4 /* Project object */;
}
