// !$*UTF8*$!
{
	archiveVersion = 1;
	classes = {
	};
	objectVersion = 46;
	objects = {

/* Begin PBXBuildFile section */
		1DAC0C971B31848F009BD9E6 /* main.m in Sources */ = {isa = PBXBuildFile; fileRef = 1DAC0C961B31848F009BD9E6 /* main.m */; };
		1DAC0C9A1B31848F009BD9E6 /* AppDelegate.m in Sources */ = {isa = PBXBuildFile; fileRef = 1DAC0C991B31848F009BD9E6 /* AppDelegate.m */; };
		1DAC0C9D1B31848F009BD9E6 /* HumeurTableViewController.m in Sources */ = {isa = PBXBuildFile; fileRef = 1DAC0C9C1B31848F009BD9E6 /* HumeurTableViewController.m */; };
		1DAC0CA01B31848F009BD9E6 /* Main.storyboard in Resources */ = {isa = PBXBuildFile; fileRef = 1DAC0C9E1B31848F009BD9E6 /* Main.storyboard */; };
		1DAC0CA21B31848F009BD9E6 /* Images.xcassets in Resources */ = {isa = PBXBuildFile; fileRef = 1DAC0CA11B31848F009BD9E6 /* Images.xcassets */; };
		1DAC0CA51B31848F009BD9E6 /* LaunchScreen.xib in Resources */ = {isa = PBXBuildFile; fileRef = 1DAC0CA31B31848F009BD9E6 /* LaunchScreen.xib */; };
		1DAC0CB11B318490009BD9E6 /* HumeurTests.m in Sources */ = {isa = PBXBuildFile; fileRef = 1DAC0CB01B318490009BD9E6 /* HumeurTests.m */; };
		1DAC0CBC1B3186C7009BD9E6 /* HumeurNetServiceBrowserDelegate.m in Sources */ = {isa = PBXBuildFile; fileRef = 1DAC0CBB1B3186C7009BD9E6 /* HumeurNetServiceBrowserDelegate.m */; };
/* End PBXBuildFile section */

/* Begin PBXContainerItemProxy section */
		1DAC0CAB1B318490009BD9E6 /* PBXContainerItemProxy */ = {
			isa = PBXContainerItemProxy;
			containerPortal = 1DAC0C891B31848F009BD9E6 /* Project object */;
			proxyType = 1;
			remoteGlobalIDString = 1DAC0C901B31848F009BD9E6;
			remoteInfo = Humeur;
		};
/* End PBXContainerItemProxy section */

/* Begin PBXFileReference section */
		1DAC0C911B31848F009BD9E6 /* Humeur.app */ = {isa = PBXFileReference; explicitFileType = wrapper.application; includeInIndex = 0; path = Humeur.app; sourceTree = BUILT_PRODUCTS_DIR; };
		1DAC0C951B31848F009BD9E6 /* Info.plist */ = {isa = PBXFileReference; lastKnownFileType = text.plist.xml; path = Info.plist; sourceTree = "<group>"; };
		1DAC0C961B31848F009BD9E6 /* main.m */ = {isa = PBXFileReference; lastKnownFileType = sourcecode.c.objc; path = main.m; sourceTree = "<group>"; };
		1DAC0C981B31848F009BD9E6 /* AppDelegate.h */ = {isa = PBXFileReference; lastKnownFileType = sourcecode.c.h; path = AppDelegate.h; sourceTree = "<group>"; };
		1DAC0C991B31848F009BD9E6 /* AppDelegate.m */ = {isa = PBXFileReference; lastKnownFileType = sourcecode.c.objc; path = AppDelegate.m; sourceTree = "<group>"; };
		1DAC0C9B1B31848F009BD9E6 /* HumeurTableViewController.h */ = {isa = PBXFileReference; lastKnownFileType = sourcecode.c.h; path = HumeurTableViewController.h; sourceTree = "<group>"; };
		1DAC0C9C1B31848F009BD9E6 /* HumeurTableViewController.m */ = {isa = PBXFileReference; lastKnownFileType = sourcecode.c.objc; path = HumeurTableViewController.m; sourceTree = "<group>"; };
		1DAC0C9F1B31848F009BD9E6 /* Base */ = {isa = PBXFileReference; lastKnownFileType = file.storyboard; name = Base; path = Base.lproj/Main.storyboard; sourceTree = "<group>"; };
		1DAC0CA11B31848F009BD9E6 /* Images.xcassets */ = {isa = PBXFileReference; lastKnownFileType = folder.assetcatalog; path = Images.xcassets; sourceTree = "<group>"; };
		1DAC0CA41B31848F009BD9E6 /* Base */ = {isa = PBXFileReference; lastKnownFileType = file.xib; name = Base; path = Base.lproj/LaunchScreen.xib; sourceTree = "<group>"; };
		1DAC0CAA1B318490009BD9E6 /* HumeurTests.xctest */ = {isa = PBXFileReference; explicitFileType = wrapper.cfbundle; includeInIndex = 0; path = HumeurTests.xctest; sourceTree = BUILT_PRODUCTS_DIR; };
		1DAC0CAF1B318490009BD9E6 /* Info.plist */ = {isa = PBXFileReference; lastKnownFileType = text.plist.xml; path = Info.plist; sourceTree = "<group>"; };
		1DAC0CB01B318490009BD9E6 /* HumeurTests.m */ = {isa = PBXFileReference; lastKnownFileType = sourcecode.c.objc; path = HumeurTests.m; sourceTree = "<group>"; };
		1DAC0CBA1B3186C7009BD9E6 /* HumeurNetServiceBrowserDelegate.h */ = {isa = PBXFileReference; fileEncoding = 4; lastKnownFileType = sourcecode.c.h; path = HumeurNetServiceBrowserDelegate.h; sourceTree = "<group>"; };
		1DAC0CBB1B3186C7009BD9E6 /* HumeurNetServiceBrowserDelegate.m */ = {isa = PBXFileReference; fileEncoding = 4; lastKnownFileType = sourcecode.c.objc; path = HumeurNetServiceBrowserDelegate.m; sourceTree = "<group>"; };
/* End PBXFileReference section */

/* Begin PBXFrameworksBuildPhase section */
		1DAC0C8E1B31848F009BD9E6 /* Frameworks */ = {
			isa = PBXFrameworksBuildPhase;
			buildActionMask = 2147483647;
			files = (
			);
			runOnlyForDeploymentPostprocessing = 0;
		};
		1DAC0CA71B318490009BD9E6 /* Frameworks */ = {
			isa = PBXFrameworksBuildPhase;
			buildActionMask = 2147483647;
			files = (
			);
			runOnlyForDeploymentPostprocessing = 0;
		};
/* End PBXFrameworksBuildPhase section */

/* Begin PBXGroup section */
		1DAC0C881B31848F009BD9E6 = {
			isa = PBXGroup;
			children = (
				1DAC0C931B31848F009BD9E6 /* Humeur */,
				1DAC0CAD1B318490009BD9E6 /* HumeurTests */,
				1DAC0C921B31848F009BD9E6 /* Products */,
			);
			sourceTree = "<group>";
		};
		1DAC0C921B31848F009BD9E6 /* Products */ = {
			isa = PBXGroup;
			children = (
				1DAC0C911B31848F009BD9E6 /* Humeur.app */,
				1DAC0CAA1B318490009BD9E6 /* HumeurTests.xctest */,
			);
			name = Products;
			sourceTree = "<group>";
		};
		1DAC0C931B31848F009BD9E6 /* Humeur */ = {
			isa = PBXGroup;
			children = (
				1DAC0C981B31848F009BD9E6 /* AppDelegate.h */,
				1DAC0C991B31848F009BD9E6 /* AppDelegate.m */,
				1DAC0C9B1B31848F009BD9E6 /* HumeurTableViewController.h */,
				1DAC0C9C1B31848F009BD9E6 /* HumeurTableViewController.m */,
				1DAC0CBA1B3186C7009BD9E6 /* HumeurNetServiceBrowserDelegate.h */,
				1DAC0CBB1B3186C7009BD9E6 /* HumeurNetServiceBrowserDelegate.m */,
				1DAC0C9E1B31848F009BD9E6 /* Main.storyboard */,
				1DAC0CA11B31848F009BD9E6 /* Images.xcassets */,
				1DAC0CA31B31848F009BD9E6 /* LaunchScreen.xib */,
				1DAC0C941B31848F009BD9E6 /* Supporting Files */,
			);
			path = Humeur;
			sourceTree = "<group>";
		};
		1DAC0C941B31848F009BD9E6 /* Supporting Files */ = {
			isa = PBXGroup;
			children = (
				1DAC0C951B31848F009BD9E6 /* Info.plist */,
				1DAC0C961B31848F009BD9E6 /* main.m */,
			);
			name = "Supporting Files";
			sourceTree = "<group>";
		};
		1DAC0CAD1B318490009BD9E6 /* HumeurTests */ = {
			isa = PBXGroup;
			children = (
				1DAC0CB01B318490009BD9E6 /* HumeurTests.m */,
				1DAC0CAE1B318490009BD9E6 /* Supporting Files */,
			);
			path = HumeurTests;
			sourceTree = "<group>";
		};
		1DAC0CAE1B318490009BD9E6 /* Supporting Files */ = {
			isa = PBXGroup;
			children = (
				1DAC0CAF1B318490009BD9E6 /* Info.plist */,
			);
			name = "Supporting Files";
			sourceTree = "<group>";
		};
/* End PBXGroup section */

/* Begin PBXNativeTarget section */
		1DAC0C901B31848F009BD9E6 /* Humeur */ = {
			isa = PBXNativeTarget;
			buildConfigurationList = 1DAC0CB41B318490009BD9E6 /* Build configuration list for PBXNativeTarget "Humeur" */;
			buildPhases = (
				1DAC0C8D1B31848F009BD9E6 /* Sources */,
				1DAC0C8E1B31848F009BD9E6 /* Frameworks */,
				1DAC0C8F1B31848F009BD9E6 /* Resources */,
			);
			buildRules = (
			);
			dependencies = (
			);
			name = Humeur;
			productName = Humeur;
			productReference = 1DAC0C911B31848F009BD9E6 /* Humeur.app */;
			productType = "com.apple.product-type.application";
		};
		1DAC0CA91B318490009BD9E6 /* HumeurTests */ = {
			isa = PBXNativeTarget;
			buildConfigurationList = 1DAC0CB71B318490009BD9E6 /* Build configuration list for PBXNativeTarget "HumeurTests" */;
			buildPhases = (
				1DAC0CA61B318490009BD9E6 /* Sources */,
				1DAC0CA71B318490009BD9E6 /* Frameworks */,
				1DAC0CA81B318490009BD9E6 /* Resources */,
			);
			buildRules = (
			);
			dependencies = (
				1DAC0CAC1B318490009BD9E6 /* PBXTargetDependency */,
			);
			name = HumeurTests;
			productName = HumeurTests;
			productReference = 1DAC0CAA1B318490009BD9E6 /* HumeurTests.xctest */;
			productType = "com.apple.product-type.bundle.unit-test";
		};
/* End PBXNativeTarget section */

/* Begin PBXProject section */
		1DAC0C891B31848F009BD9E6 /* Project object */ = {
			isa = PBXProject;
			attributes = {
				LastUpgradeCheck = 0630;
				ORGANIZATIONNAME = "Ancil Marshall";
				TargetAttributes = {
					1DAC0C901B31848F009BD9E6 = {
						CreatedOnToolsVersion = 6.3;
					};
					1DAC0CA91B318490009BD9E6 = {
						CreatedOnToolsVersion = 6.3;
						TestTargetID = 1DAC0C901B31848F009BD9E6;
					};
				};
			};
			buildConfigurationList = 1DAC0C8C1B31848F009BD9E6 /* Build configuration list for PBXProject "Humeur" */;
			compatibilityVersion = "Xcode 3.2";
			developmentRegion = English;
			hasScannedForEncodings = 0;
			knownRegions = (
				en,
				Base,
			);
			mainGroup = 1DAC0C881B31848F009BD9E6;
			productRefGroup = 1DAC0C921B31848F009BD9E6 /* Products */;
			projectDirPath = "";
			projectRoot = "";
			targets = (
				1DAC0C901B31848F009BD9E6 /* Humeur */,
				1DAC0CA91B318490009BD9E6 /* HumeurTests */,
			);
		};
/* End PBXProject section */

/* Begin PBXResourcesBuildPhase section */
		1DAC0C8F1B31848F009BD9E6 /* Resources */ = {
			isa = PBXResourcesBuildPhase;
			buildActionMask = 2147483647;
			files = (
				1DAC0CA01B31848F009BD9E6 /* Main.storyboard in Resources */,
				1DAC0CA51B31848F009BD9E6 /* LaunchScreen.xib in Resources */,
				1DAC0CA21B31848F009BD9E6 /* Images.xcassets in Resources */,
			);
			runOnlyForDeploymentPostprocessing = 0;
		};
		1DAC0CA81B318490009BD9E6 /* Resources */ = {
			isa = PBXResourcesBuildPhase;
			buildActionMask = 2147483647;
			files = (
			);
			runOnlyForDeploymentPostprocessing = 0;
		};
/* End PBXResourcesBuildPhase section */

/* Begin PBXSourcesBuildPhase section */
		1DAC0C8D1B31848F009BD9E6 /* Sources */ = {
			isa = PBXSourcesBuildPhase;
			buildActionMask = 2147483647;
			files = (
				1DAC0C9D1B31848F009BD9E6 /* HumeurTableViewController.m in Sources */,
				1DAC0C9A1B31848F009BD9E6 /* AppDelegate.m in Sources */,
				1DAC0C971B31848F009BD9E6 /* main.m in Sources */,
				1DAC0CBC1B3186C7009BD9E6 /* HumeurNetServiceBrowserDelegate.m in Sources */,
			);
			runOnlyForDeploymentPostprocessing = 0;
		};
		1DAC0CA61B318490009BD9E6 /* Sources */ = {
			isa = PBXSourcesBuildPhase;
			buildActionMask = 2147483647;
			files = (
				1DAC0CB11B318490009BD9E6 /* HumeurTests.m in Sources */,
			);
			runOnlyForDeploymentPostprocessing = 0;
		};
/* End PBXSourcesBuildPhase section */

/* Begin PBXTargetDependency section */
		1DAC0CAC1B318490009BD9E6 /* PBXTargetDependency */ = {
			isa = PBXTargetDependency;
			target = 1DAC0C901B31848F009BD9E6 /* Humeur */;
			targetProxy = 1DAC0CAB1B318490009BD9E6 /* PBXContainerItemProxy */;
		};
/* End PBXTargetDependency section */

/* Begin PBXVariantGroup section */
		1DAC0C9E1B31848F009BD9E6 /* Main.storyboard */ = {
			isa = PBXVariantGroup;
			children = (
				1DAC0C9F1B31848F009BD9E6 /* Base */,
			);
			name = Main.storyboard;
			sourceTree = "<group>";
		};
		1DAC0CA31B31848F009BD9E6 /* LaunchScreen.xib */ = {
			isa = PBXVariantGroup;
			children = (
				1DAC0CA41B31848F009BD9E6 /* Base */,
			);
			name = LaunchScreen.xib;
			sourceTree = "<group>";
		};
/* End PBXVariantGroup section */

/* Begin XCBuildConfiguration section */
		1DAC0CB21B318490009BD9E6 /* Debug */ = {
			isa = XCBuildConfiguration;
			buildSettings = {
				ALWAYS_SEARCH_USER_PATHS = NO;
				CLANG_CXX_LANGUAGE_STANDARD = "gnu++0x";
				CLANG_CXX_LIBRARY = "libc++";
				CLANG_ENABLE_MODULES = YES;
				CLANG_ENABLE_OBJC_ARC = YES;
				CLANG_WARN_BOOL_CONVERSION = YES;
				CLANG_WARN_CONSTANT_CONVERSION = YES;
				CLANG_WARN_DIRECT_OBJC_ISA_USAGE = YES_ERROR;
				CLANG_WARN_EMPTY_BODY = YES;
				CLANG_WARN_ENUM_CONVERSION = YES;
				CLANG_WARN_INT_CONVERSION = YES;
				CLANG_WARN_OBJC_ROOT_CLASS = YES_ERROR;
				CLANG_WARN_UNREACHABLE_CODE = YES;
				CLANG_WARN__DUPLICATE_METHOD_MATCH = YES;
				"CODE_SIGN_IDENTITY[sdk=iphoneos*]" = "iPhone Developer";
				COPY_PHASE_STRIP = NO;
				DEBUG_INFORMATION_FORMAT = "dwarf-with-dsym";
				ENABLE_STRICT_OBJC_MSGSEND = YES;
				GCC_C_LANGUAGE_STANDARD = gnu99;
				GCC_DYNAMIC_NO_PIC = NO;
				GCC_NO_COMMON_BLOCKS = YES;
				GCC_OPTIMIZATION_LEVEL = 0;
				GCC_PREPROCESSOR_DEFINITIONS = (
					"DEBUG=1",
					"$(inherited)",
				);
				GCC_SYMBOLS_PRIVATE_EXTERN = NO;
				GCC_WARN_64_TO_32_BIT_CONVERSION = YES;
				GCC_WARN_ABOUT_RETURN_TYPE = YES_ERROR;
				GCC_WARN_UNDECLARED_SELECTOR = YES;
				GCC_WARN_UNINITIALIZED_AUTOS = YES_AGGRESSIVE;
				GCC_WARN_UNUSED_FUNCTION = YES;
				GCC_WARN_UNUSED_VARIABLE = YES;
				IPHONEOS_DEPLOYMENT_TARGET = 8.3;
				MTL_ENABLE_DEBUG_INFO = YES;
				ONLY_ACTIVE_ARCH = YES;
				SDKROOT = iphoneos;
				TARGETED_DEVICE_FAMILY = "1,2";
			};
			name = Debug;
		};
		1DAC0CB31B318490009BD9E6 /* Release */ = {
			isa = XCBuildConfiguration;
			buildSettings = {
				ALWAYS_SEARCH_USER_PATHS = NO;
				CLANG_CXX_LANGUAGE_STANDARD = "gnu++0x";
				CLANG_CXX_LIBRARY = "libc++";
				CLANG_ENABLE_MODULES = YES;
				CLANG_ENABLE_OBJC_ARC = YES;
				CLANG_WARN_BOOL_CONVERSION = YES;
				CLANG_WARN_CONSTANT_CONVERSION = YES;
				CLANG_WARN_DIRECT_OBJC_ISA_USAGE = YES_ERROR;
				CLANG_WARN_EMPTY_BODY = YES;
				CLANG_WARN_ENUM_CONVERSION = YES;
				CLANG_WARN_INT_CONVERSION = YES;
				CLANG_WARN_OBJC_ROOT_CLASS = YES_ERROR;
				CLANG_WARN_UNREACHABLE_CODE = YES;
				CLANG_WARN__DUPLICATE_METHOD_MATCH = YES;
				"CODE_SIGN_IDENTITY[sdk=iphoneos*]" = "iPhone Developer";
				COPY_PHASE_STRIP = NO;
				DEBUG_INFORMATION_FORMAT = "dwarf-with-dsym";
				ENABLE_NS_ASSERTIONS = NO;
				ENABLE_STRICT_OBJC_MSGSEND = YES;
				GCC_C_LANGUAGE_STANDARD = gnu99;
				GCC_NO_COMMON_BLOCKS = YES;
				GCC_WARN_64_TO_32_BIT_CONVERSION = YES;
				GCC_WARN_ABOUT_RETURN_TYPE = YES_ERROR;
				GCC_WARN_UNDECLARED_SELECTOR = YES;
				GCC_WARN_UNINITIALIZED_AUTOS = YES_AGGRESSIVE;
				GCC_WARN_UNUSED_FUNCTION = YES;
				GCC_WARN_UNUSED_VARIABLE = YES;
				IPHONEOS_DEPLOYMENT_TARGET = 8.3;
				MTL_ENABLE_DEBUG_INFO = NO;
				SDKROOT = iphoneos;
				TARGETED_DEVICE_FAMILY = "1,2";
				VALIDATE_PRODUCT = YES;
			};
			name = Release;
		};
		1DAC0CB51B318490009BD9E6 /* Debug */ = {
			isa = XCBuildConfiguration;
			buildSettings = {
				ASSETCATALOG_COMPILER_APPICON_NAME = AppIcon;
				INFOPLIST_FILE = Humeur/Info.plist;
				LD_RUNPATH_SEARCH_PATHS = "$(inherited) @executable_path/Frameworks";
				PRODUCT_NAME = "$(TARGET_NAME)";
			};
			name = Debug;
		};
		1DAC0CB61B318490009BD9E6 /* Release */ = {
			isa = XCBuildConfiguration;
			buildSettings = {
				ASSETCATALOG_COMPILER_APPICON_NAME = AppIcon;
				INFOPLIST_FILE = Humeur/Info.plist;
				LD_RUNPATH_SEARCH_PATHS = "$(inherited) @executable_path/Frameworks";
				PRODUCT_NAME = "$(TARGET_NAME)";
			};
			name = Release;
		};
		1DAC0CB81B318490009BD9E6 /* Debug */ = {
			isa = XCBuildConfiguration;
			buildSettings = {
				BUNDLE_LOADER = "$(TEST_HOST)";
				FRAMEWORK_SEARCH_PATHS = (
					"$(SDKROOT)/Developer/Library/Frameworks",
					"$(inherited)",
				);
				GCC_PREPROCESSOR_DEFINITIONS = (
					"DEBUG=1",
					"$(inherited)",
				);
				INFOPLIST_FILE = HumeurTests/Info.plist;
				LD_RUNPATH_SEARCH_PATHS = "$(inherited) @executable_path/Frameworks @loader_path/Frameworks";
				PRODUCT_NAME = "$(TARGET_NAME)";
				TEST_HOST = "$(BUILT_PRODUCTS_DIR)/Humeur.app/Humeur";
			};
			name = Debug;
		};
		1DAC0CB91B318490009BD9E6 /* Release */ = {
			isa = XCBuildConfiguration;
			buildSettings = {
				BUNDLE_LOADER = "$(TEST_HOST)";
				FRAMEWORK_SEARCH_PATHS = (
					"$(SDKROOT)/Developer/Library/Frameworks",
					"$(inherited)",
				);
				INFOPLIST_FILE = HumeurTests/Info.plist;
				LD_RUNPATH_SEARCH_PATHS = "$(inherited) @executable_path/Frameworks @loader_path/Frameworks";
				PRODUCT_NAME = "$(TARGET_NAME)";
				TEST_HOST = "$(BUILT_PRODUCTS_DIR)/Humeur.app/Humeur";
			};
			name = Release;
		};
/* End XCBuildConfiguration section */

/* Begin XCConfigurationList section */
		1DAC0C8C1B31848F009BD9E6 /* Build configuration list for PBXProject "Humeur" */ = {
			isa = XCConfigurationList;
			buildConfigurations = (
				1DAC0CB21B318490009BD9E6 /* Debug */,
				1DAC0CB31B318490009BD9E6 /* Release */,
			);
			defaultConfigurationIsVisible = 0;
			defaultConfigurationName = Release;
		};
		1DAC0CB41B318490009BD9E6 /* Build configuration list for PBXNativeTarget "Humeur" */ = {
			isa = XCConfigurationList;
			buildConfigurations = (
				1DAC0CB51B318490009BD9E6 /* Debug */,
				1DAC0CB61B318490009BD9E6 /* Release */,
			);
			defaultConfigurationIsVisible = 0;
		};
		1DAC0CB71B318490009BD9E6 /* Build configuration list for PBXNativeTarget "HumeurTests" */ = {
			isa = XCConfigurationList;
			buildConfigurations = (
				1DAC0CB81B318490009BD9E6 /* Debug */,
				1DAC0CB91B318490009BD9E6 /* Release */,
			);
			defaultConfigurationIsVisible = 0;
		};
/* End XCConfigurationList section */
	};
	rootObject = 1DAC0C891B31848F009BD9E6 /* Project object */;
}
